
Microsoft Visual Studio Solution File, Format Version 12.00
# Visual Studio Version 17
VisualStudioVersion = 17.5.33516.290
MinimumVisualStudioVersion = 10.0.40219.1
Project("{FAE04EC0-301F-11D3-BF4B-00C04F79EFBC}") = "BugunNasilsin", "BugunNasilsin\BugunNasilsin.csproj", "{8905A7BF-E701-4755-875B-455511C0783D}"
EndProject
Global
	GlobalSection(SolutionConfigurationPlatforms) = preSolution
		Debug|Any CPU = Debug|Any CPU
		Release|Any CPU = Release|Any CPU
	EndGlobalSection
	GlobalSection(ProjectConfigurationPlatforms) = postSolution
		{8905A7BF-E701-4755-875B-455511C0783D}.Debug|Any CPU.ActiveCfg = Debug|Any CPU
		{8905A7BF-E701-4755-875B-455511C0783D}.Debug|Any CPU.Build.0 = Debug|Any CPU
		{8905A7BF-E701-4755-875B-455511C0783D}.Release|Any CPU.ActiveCfg = Release|Any CPU
		{8905A7BF-E701-4755-875B-455511C0783D}.Release|Any CPU.Build.0 = Release|Any CPU
	EndGlobalSection
	GlobalSection(SolutionProperties) = preSolution
		HideSolutionNode = FALSE
	EndGlobalSection
	GlobalSection(ExtensibilityGlobals) = postSolution
		SolutionGuid = {2C16BC1D-E3C1-472B-AA0B-5DC3E705E3D4}
	EndGlobalSection
EndGlobal
